
Microsoft Visual Studio Solution File, Format Version 12.00
# Visual Studio Version 17
VisualStudioVersion = 17.8.34330.188
MinimumVisualStudioVersion = 10.0.40219.1
Project("{FAE04EC0-301F-11D3-BF4B-00C04F79EFBC}") = "HelloWorld", "HelloWorld.csproj", "{C5D5B40D-52EC-418D-854D-C4E5A0A6E222}"
EndProject
Global
	GlobalSection(SolutionConfigurationPlatforms) = preSolution
		Debug|Any CPU = Debug|Any CPU
		Release|Any CPU = Release|Any CPU
	EndGlobalSection
	GlobalSection(ProjectConfigurationPlatforms) = postSolution
		{C5D5B40D-52EC-418D-854D-C4E5A0A6E222}.Debug|Any CPU.ActiveCfg = Debug|Any CPU
		{C5D5B40D-52EC-418D-854D-C4E5A0A6E222}.Debug|Any CPU.Build.0 = Debug|Any CPU
		{C5D5B40D-52EC-418D-854D-C4E5A0A6E222}.Release|Any CPU.ActiveCfg = Release|Any CPU
		{C5D5B40D-52EC-418D-854D-C4E5A0A6E222}.Release|Any CPU.Build.0 = Release|Any CPU
	EndGlobalSection
	GlobalSection(SolutionProperties) = preSolution
		HideSolutionNode = FALSE
	EndGlobalSection
	GlobalSection(ExtensibilityGlobals) = postSolution
		SolutionGuid = {9601FB6D-1388-4F3D-B968-4880970E5922}
	EndGlobalSection
EndGlobal
